
Microsoft Visual Studio Solution File, Format Version 12.00
# Visual Studio Version 16
VisualStudioVersion = 16.0.30002.166
MinimumVisualStudioVersion = 10.0.40219.1
Project("{FAE04EC0-301F-11D3-BF4B-00C04F79EFBC}") = "EasyModbusServerSimulator", "EasyModbusServerSimulator\EasyModbusServerSimulator.csproj", "{871BD4C1-69F0-45B9-8807-1620E6A896A9}"
EndProject
Project("{9A19103F-16F7-4668-BE54-9A1E7A4F7556}") = "ServerApplicationCore", "ServerApplicationCore\ServerApplicationCore.csproj", "{3BD193B5-1432-4600-AA8D-8AB401A9261A}"
EndProject
Project("{9A19103F-16F7-4668-BE54-9A1E7A4F7556}") = "EasyModbusCore", "EasyModbusCore\EasyModbusCore.csproj", "{13671CDA-E077-484E-A0E9-0BA420F21B37}"
EndProject
Project("{9A19103F-16F7-4668-BE54-9A1E7A4F7556}") = "ClientApplicationCore", "ClientApplicationCore\ClientApplicationCore.csproj", "{8465A667-8F01-4DB9-B05F-E1645DBF1A65}"
EndProject
Project("{FAE04EC0-301F-11D3-BF4B-00C04F79EFBC}") = "EasyModbusAdvancedClientCore", "EasyModbusAdvancedClientCore\EasyModbusAdvancedClientCore.csproj", "{D2D8E136-3343-4C8D-911F-4609E57EC457}"
EndProject
Project("{FAE04EC0-301F-11D3-BF4B-00C04F79EFBC}") = "EasyModbusClientExampleCore", "EasyModbusClientExampleCore\EasyModbusClientExampleCore.csproj", "{9A9E1460-ED01-4831-A5ED-120374BD3F98}"
EndProject
Global
	GlobalSection(SolutionConfigurationPlatforms) = preSolution
		Debug|Any CPU = Debug|Any CPU
		Debug|ARM = Debug|ARM
		Debug|x64 = Debug|x64
		Debug|x86 = Debug|x86
		DebugCommercial|Any CPU = DebugCommercial|Any CPU
		DebugCommercial|ARM = DebugCommercial|ARM
		DebugCommercial|x64 = DebugCommercial|x64
		DebugCommercial|x86 = DebugCommercial|x86
		DebugCommercial1|Any CPU = DebugCommercial1|Any CPU
		DebugCommercial1|ARM = DebugCommercial1|ARM
		DebugCommercial1|x64 = DebugCommercial1|x64
		DebugCommercial1|x86 = DebugCommercial1|x86
		DebugCommercial2|Any CPU = DebugCommercial2|Any CPU
		DebugCommercial2|ARM = DebugCommercial2|ARM
		DebugCommercial2|x64 = DebugCommercial2|x64
		DebugCommercial2|x86 = DebugCommercial2|x86
		DebugCommercial3|Any CPU = DebugCommercial3|Any CPU
		DebugCommercial3|ARM = DebugCommercial3|ARM
		DebugCommercial3|x64 = DebugCommercial3|x64
		DebugCommercial3|x86 = DebugCommercial3|x86
		Release|Any CPU = Release|Any CPU
		Release|ARM = Release|ARM
		Release|x64 = Release|x64
		Release|x86 = Release|x86
	EndGlobalSection
	GlobalSection(ProjectConfigurationPlatforms) = postSolution
		{871BD4C1-69F0-45B9-8807-1620E6A896A9}.Debug|Any CPU.ActiveCfg = Debug|Any CPU
		{871BD4C1-69F0-45B9-8807-1620E6A896A9}.Debug|Any CPU.Build.0 = Debug|Any CPU
		{871BD4C1-69F0-45B9-8807-1620E6A896A9}.Debug|ARM.ActiveCfg = Debug|Any CPU
		{871BD4C1-69F0-45B9-8807-1620E6A896A9}.Debug|ARM.Build.0 = Debug|Any CPU
		{871BD4C1-69F0-45B9-8807-1620E6A896A9}.Debug|x64.ActiveCfg = Debug|Any CPU
		{871BD4C1-69F0-45B9-8807-1620E6A896A9}.Debug|x64.Build.0 = Debug|Any CPU
		{871BD4C1-69F0-45B9-8807-1620E6A896A9}.Debug|x86.ActiveCfg = Debug|Any CPU
		{871BD4C1-69F0-45B9-8807-1620E6A896A9}.Debug|x86.Build.0 = Debug|Any CPU
		{871BD4C1-69F0-45B9-8807-1620E6A896A9}.DebugCommercial|Any CPU.ActiveCfg = DebugCommercial3|Any CPU
		{871BD4C1-69F0-45B9-8807-1620E6A896A9}.DebugCommercial|Any CPU.Build.0 = DebugCommercial3|Any CPU
		{871BD4C1-69F0-45B9-8807-1620E6A896A9}.DebugCommercial|ARM.ActiveCfg = DebugCommercial3|Any CPU
		{871BD4C1-69F0-45B9-8807-1620E6A896A9}.DebugCommercial|ARM.Build.0 = DebugCommercial3|Any CPU
		{871BD4C1-69F0-45B9-8807-1620E6A896A9}.DebugCommercial|x64.ActiveCfg = DebugCommercial3|Any CPU
		{871BD4C1-69F0-45B9-8807-1620E6A896A9}.DebugCommercial|x64.Build.0 = DebugCommercial3|Any CPU
		{871BD4C1-69F0-45B9-8807-1620E6A896A9}.DebugCommercial|x86.ActiveCfg = DebugCommercial3|Any CPU
		{871BD4C1-69F0-45B9-8807-1620E6A896A9}.DebugCommercial|x86.Build.0 = DebugCommercial3|Any CPU
		{871BD4C1-69F0-45B9-8807-1620E6A896A9}.DebugCommercial1|Any CPU.ActiveCfg = Debug|Any CPU
		{871BD4C1-69F0-45B9-8807-1620E6A896A9}.DebugCommercial1|Any CPU.Build.0 = Debug|Any CPU
		{871BD4C1-69F0-45B9-8807-1620E6A896A9}.DebugCommercial1|ARM.ActiveCfg = DebugCommercial3|Any CPU
		{871BD4C1-69F0-45B9-8807-1620E6A896A9}.DebugCommercial1|ARM.Build.0 = DebugCommercial3|Any CPU
		{871BD4C1-69F0-45B9-8807-1620E6A896A9}.DebugCommercial1|x64.ActiveCfg = DebugCommercial3|Any CPU
		{871BD4C1-69F0-45B9-8807-1620E6A896A9}.DebugCommercial1|x64.Build.0 = DebugCommercial3|Any CPU
		{871BD4C1-69F0-45B9-8807-1620E6A896A9}.DebugCommercial1|x86.ActiveCfg = DebugCommercial3|Any CPU
		{871BD4C1-69F0-45B9-8807-1620E6A896A9}.DebugCommercial1|x86.Build.0 = DebugCommercial3|Any CPU
		{871BD4C1-69F0-45B9-8807-1620E6A896A9}.DebugCommercial2|Any CPU.ActiveCfg = Debug|Any CPU
		{871BD4C1-69F0-45B9-8807-1620E6A896A9}.DebugCommercial2|Any CPU.Build.0 = Debug|Any CPU
		{871BD4C1-69F0-45B9-8807-1620E6A896A9}.DebugCommercial2|ARM.ActiveCfg = DebugCommercial3|Any CPU
		{871BD4C1-69F0-45B9-8807-1620E6A896A9}.DebugCommercial2|ARM.Build.0 = DebugCommercial3|Any CPU
		{871BD4C1-69F0-45B9-8807-1620E6A896A9}.DebugCommercial2|x64.ActiveCfg = DebugCommercial3|Any CPU
		{871BD4C1-69F0-45B9-8807-1620E6A896A9}.DebugCommercial2|x64.Build.0 = DebugCommercial3|Any CPU
		{871BD4C1-69F0-45B9-8807-1620E6A896A9}.DebugCommercial2|x86.ActiveCfg = DebugCommercial3|Any CPU
		{871BD4C1-69F0-45B9-8807-1620E6A896A9}.DebugCommercial2|x86.Build.0 = DebugCommercial3|Any CPU
		{871BD4C1-69F0-45B9-8807-1620E6A896A9}.DebugCommercial3|Any CPU.ActiveCfg = DebugCommercial3|Any CPU
		{871BD4C1-69F0-45B9-8807-1620E6A896A9}.DebugCommercial3|Any CPU.Build.0 = DebugCommercial3|Any CPU
		{871BD4C1-69F0-45B9-8807-1620E6A896A9}.DebugCommercial3|ARM.ActiveCfg = DebugCommercial3|Any CPU
		{871BD4C1-69F0-45B9-8807-1620E6A896A9}.DebugCommercial3|ARM.Build.0 = DebugCommercial3|Any CPU
		{871BD4C1-69F0-45B9-8807-1620E6A896A9}.DebugCommercial3|x64.ActiveCfg = DebugCommercial3|Any CPU
		{871BD4C1-69F0-45B9-8807-1620E6A896A9}.DebugCommercial3|x64.Build.0 = DebugCommercial3|Any CPU
		{871BD4C1-69F0-45B9-8807-1620E6A896A9}.DebugCommercial3|x86.ActiveCfg = DebugCommercial3|Any CPU
		{871BD4C1-69F0-45B9-8807-1620E6A896A9}.DebugCommercial3|x86.Build.0 = DebugCommercial3|Any CPU
		{871BD4C1-69F0-45B9-8807-1620E6A896A9}.Release|Any CPU.ActiveCfg = Release|Any CPU
		{871BD4C1-69F0-45B9-8807-1620E6A896A9}.Release|Any CPU.Build.0 = Release|Any CPU
		{871BD4C1-69F0-45B9-8807-1620E6A896A9}.Release|ARM.ActiveCfg = Release|Any CPU
		{871BD4C1-69F0-45B9-8807-1620E6A896A9}.Release|ARM.Build.0 = Release|Any CPU
		{871BD4C1-69F0-45B9-8807-1620E6A896A9}.Release|x64.ActiveCfg = Release|Any CPU
		{871BD4C1-69F0-45B9-8807-1620E6A896A9}.Release|x64.Build.0 = Release|Any CPU
		{871BD4C1-69F0-45B9-8807-1620E6A896A9}.Release|x86.ActiveCfg = Release|Any CPU
		{871BD4C1-69F0-45B9-8807-1620E6A896A9}.Release|x86.Build.0 = Release|Any CPU
		{3BD193B5-1432-4600-AA8D-8AB401A9261A}.Debug|Any CPU.ActiveCfg = Debug|Any CPU
		{3BD193B5-1432-4600-AA8D-8AB401A9261A}.Debug|Any CPU.Build.0 = Debug|Any CPU
		{3BD193B5-1432-4600-AA8D-8AB401A9261A}.Debug|ARM.ActiveCfg = Debug|Any CPU
		{3BD193B5-1432-4600-AA8D-8AB401A9261A}.Debug|ARM.Build.0 = Debug|Any CPU
		{3BD193B5-1432-4600-AA8D-8AB401A9261A}.Debug|x64.ActiveCfg = Debug|Any CPU
		{3BD193B5-1432-4600-AA8D-8AB401A9261A}.Debug|x64.Build.0 = Debug|Any CPU
		{3BD193B5-1432-4600-AA8D-8AB401A9261A}.Debug|x86.ActiveCfg = Debug|Any CPU
		{3BD193B5-1432-4600-AA8D-8AB401A9261A}.Debug|x86.Build.0 = Debug|Any CPU
		{3BD193B5-1432-4600-AA8D-8AB401A9261A}.DebugCommercial|Any CPU.ActiveCfg = Debug|Any CPU
		{3BD193B5-1432-4600-AA8D-8AB401A9261A}.DebugCommercial|Any CPU.Build.0 = Debug|Any CPU
		{3BD193B5-1432-4600-AA8D-8AB401A9261A}.DebugCommercial|ARM.ActiveCfg = Debug|Any CPU
		{3BD193B5-1432-4600-AA8D-8AB401A9261A}.DebugCommercial|ARM.Build.0 = Debug|Any CPU
		{3BD193B5-1432-4600-AA8D-8AB401A9261A}.DebugCommercial|x64.ActiveCfg = Debug|Any CPU
		{3BD193B5-1432-4600-AA8D-8AB401A9261A}.DebugCommercial|x64.Build.0 = Debug|Any CPU
		{3BD193B5-1432-4600-AA8D-8AB401A9261A}.DebugCommercial|x86.ActiveCfg = Debug|Any CPU
		{3BD193B5-1432-4600-AA8D-8AB401A9261A}.DebugCommercial|x86.Build.0 = Debug|Any CPU
		{3BD193B5-1432-4600-AA8D-8AB401A9261A}.DebugCommercial1|Any CPU.ActiveCfg = Debug|Any CPU
		{3BD193B5-1432-4600-AA8D-8AB401A9261A}.DebugCommercial1|Any CPU.Build.0 = Debug|Any CPU
		{3BD193B5-1432-4600-AA8D-8AB401A9261A}.DebugCommercial1|ARM.ActiveCfg = Debug|Any CPU
		{3BD193B5-1432-4600-AA8D-8AB401A9261A}.DebugCommercial1|ARM.Build.0 = Debug|Any CPU
		{3BD193B5-1432-4600-AA8D-8AB401A9261A}.DebugCommercial1|x64.ActiveCfg = Debug|Any CPU
		{3BD193B5-1432-4600-AA8D-8AB401A9261A}.DebugCommercial1|x64.Build.0 = Debug|Any CPU
		{3BD193B5-1432-4600-AA8D-8AB401A9261A}.DebugCommercial1|x86.ActiveCfg = Debug|Any CPU
		{3BD193B5-1432-4600-AA8D-8AB401A9261A}.DebugCommercial1|x86.Build.0 = Debug|Any CPU
		{3BD193B5-1432-4600-AA8D-8AB401A9261A}.DebugCommercial2|Any CPU.ActiveCfg = Debug|Any CPU
		{3BD193B5-1432-4600-AA8D-8AB401A9261A}.DebugCommercial2|Any CPU.Build.0 = Debug|Any CPU
		{3BD193B5-1432-4600-AA8D-8AB401A9261A}.DebugCommercial2|ARM.ActiveCfg = Debug|Any CPU
		{3BD193B5-1432-4600-AA8D-8AB401A9261A}.DebugCommercial2|ARM.Build.0 = Debug|Any CPU
		{3BD193B5-1432-4600-AA8D-8AB401A9261A}.DebugCommercial2|x64.ActiveCfg = Debug|Any CPU
		{3BD193B5-1432-4600-AA8D-8AB401A9261A}.DebugCommercial2|x64.Build.0 = Debug|Any CPU
		{3BD193B5-1432-4600-AA8D-8AB401A9261A}.DebugCommercial2|x86.ActiveCfg = Debug|Any CPU
		{3BD193B5-1432-4600-AA8D-8AB401A9261A}.DebugCommercial2|x86.Build.0 = Debug|Any CPU
		{3BD193B5-1432-4600-AA8D-8AB401A9261A}.DebugCommercial3|Any CPU.ActiveCfg = Debug|Any CPU
		{3BD193B5-1432-4600-AA8D-8AB401A9261A}.DebugCommercial3|Any CPU.Build.0 = Debug|Any CPU
		{3BD193B5-1432-4600-AA8D-8AB401A9261A}.DebugCommercial3|ARM.ActiveCfg = Debug|Any CPU
		{3BD193B5-1432-4600-AA8D-8AB401A9261A}.DebugCommercial3|ARM.Build.0 = Debug|Any CPU
		{3BD193B5-1432-4600-AA8D-8AB401A9261A}.DebugCommercial3|x64.ActiveCfg = Debug|Any CPU
		{3BD193B5-1432-4600-AA8D-8AB401A9261A}.DebugCommercial3|x64.Build.0 = Debug|Any CPU
		{3BD193B5-1432-4600-AA8D-8AB401A9261A}.DebugCommercial3|x86.ActiveCfg = Debug|Any CPU
		{3BD193B5-1432-4600-AA8D-8AB401A9261A}.DebugCommercial3|x86.Build.0 = Debug|Any CPU
		{3BD193B5-1432-4600-AA8D-8AB401A9261A}.Release|Any CPU.ActiveCfg = Release|Any CPU
		{3BD193B5-1432-4600-AA8D-8AB401A9261A}.Release|Any CPU.Build.0 = Release|Any CPU
		{3BD193B5-1432-4600-AA8D-8AB401A9261A}.Release|ARM.ActiveCfg = Release|Any CPU
		{3BD193B5-1432-4600-AA8D-8AB401A9261A}.Release|ARM.Build.0 = Release|Any CPU
		{3BD193B5-1432-4600-AA8D-8AB401A9261A}.Release|x64.ActiveCfg = Release|Any CPU
		{3BD193B5-1432-4600-AA8D-8AB401A9261A}.Release|x64.Build.0 = Release|Any CPU
		{3BD193B5-1432-4600-AA8D-8AB401A9261A}.Release|x86.ActiveCfg = Release|Any CPU
		{3BD193B5-1432-4600-AA8D-8AB401A9261A}.Release|x86.Build.0 = Release|Any CPU
		{13671CDA-E077-484E-A0E9-0BA420F21B37}.Debug|Any CPU.ActiveCfg = Debug|Any CPU
		{13671CDA-E077-484E-A0E9-0BA420F21B37}.Debug|Any CPU.Build.0 = Debug|Any CPU
		{13671CDA-E077-484E-A0E9-0BA420F21B37}.Debug|ARM.ActiveCfg = Debug|Any CPU
		{13671CDA-E077-484E-A0E9-0BA420F21B37}.Debug|ARM.Build.0 = Debug|Any CPU
		{13671CDA-E077-484E-A0E9-0BA420F21B37}.Debug|x64.ActiveCfg = Debug|Any CPU
		{13671CDA-E077-484E-A0E9-0BA420F21B37}.Debug|x64.Build.0 = Debug|Any CPU
		{13671CDA-E077-484E-A0E9-0BA420F21B37}.Debug|x86.ActiveCfg = Debug|Any CPU
		{13671CDA-E077-484E-A0E9-0BA420F21B37}.Debug|x86.Build.0 = Debug|Any CPU
		{13671CDA-E077-484E-A0E9-0BA420F21B37}.DebugCommercial|Any CPU.ActiveCfg = Debug|Any CPU
		{13671CDA-E077-484E-A0E9-0BA420F21B37}.DebugCommercial|Any CPU.Build.0 = Debug|Any CPU
		{13671CDA-E077-484E-A0E9-0BA420F21B37}.DebugCommercial|ARM.ActiveCfg = Debug|Any CPU
		{13671CDA-E077-484E-A0E9-0BA420F21B37}.DebugCommercial|ARM.Build.0 = Debug|Any CPU
		{13671CDA-E077-484E-A0E9-0BA420F21B37}.DebugCommercial|x64.ActiveCfg = Debug|Any CPU
		{13671CDA-E077-484E-A0E9-0BA420F21B37}.DebugCommercial|x64.Build.0 = Debug|Any CPU
		{13671CDA-E077-484E-A0E9-0BA420F21B37}.DebugCommercial|x86.ActiveCfg = Debug|Any CPU
		{13671CDA-E077-484E-A0E9-0BA420F21B37}.DebugCommercial|x86.Build.0 = Debug|Any CPU
		{13671CDA-E077-484E-A0E9-0BA420F21B37}.DebugCommercial1|Any CPU.ActiveCfg = Debug|Any CPU
		{13671CDA-E077-484E-A0E9-0BA420F21B37}.DebugCommercial1|Any CPU.Build.0 = Debug|Any CPU
		{13671CDA-E077-484E-A0E9-0BA420F21B37}.DebugCommercial1|ARM.ActiveCfg = Debug|Any CPU
		{13671CDA-E077-484E-A0E9-0BA420F21B37}.DebugCommercial1|ARM.Build.0 = Debug|Any CPU
		{13671CDA-E077-484E-A0E9-0BA420F21B37}.DebugCommercial1|x64.ActiveCfg = Debug|Any CPU
		{13671CDA-E077-484E-A0E9-0BA420F21B37}.DebugCommercial1|x64.Build.0 = Debug|Any CPU
		{13671CDA-E077-484E-A0E9-0BA420F21B37}.DebugCommercial1|x86.ActiveCfg = Debug|Any CPU
		{13671CDA-E077-484E-A0E9-0BA420F21B37}.DebugCommercial1|x86.Build.0 = Debug|Any CPU
		{13671CDA-E077-484E-A0E9-0BA420F21B37}.DebugCommercial2|Any CPU.ActiveCfg = Debug|Any CPU
		{13671CDA-E077-484E-A0E9-0BA420F21B37}.DebugCommercial2|Any CPU.Build.0 = Debug|Any CPU
		{13671CDA-E077-484E-A0E9-0BA420F21B37}.DebugCommercial2|ARM.ActiveCfg = Debug|Any CPU
		{13671CDA-E077-484E-A0E9-0BA420F21B37}.DebugCommercial2|ARM.Build.0 = Debug|Any CPU
		{13671CDA-E077-484E-A0E9-0BA420F21B37}.DebugCommercial2|x64.ActiveCfg = Debug|Any CPU
		{13671CDA-E077-484E-A0E9-0BA420F21B37}.DebugCommercial2|x64.Build.0 = Debug|Any CPU
		{13671CDA-E077-484E-A0E9-0BA420F21B37}.DebugCommercial2|x86.ActiveCfg = Debug|Any CPU
		{13671CDA-E077-484E-A0E9-0BA420F21B37}.DebugCommercial2|x86.Build.0 = Debug|Any CPU
		{13671CDA-E077-484E-A0E9-0BA420F21B37}.DebugCommercial3|Any CPU.ActiveCfg = Debug|Any CPU
		{13671CDA-E077-484E-A0E9-0BA420F21B37}.DebugCommercial3|Any CPU.Build.0 = Debug|Any CPU
		{13671CDA-E077-484E-A0E9-0BA420F21B37}.DebugCommercial3|ARM.ActiveCfg = Debug|Any CPU
		{13671CDA-E077-484E-A0E9-0BA420F21B37}.DebugCommercial3|ARM.Build.0 = Debug|Any CPU
		{13671CDA-E077-484E-A0E9-0BA420F21B37}.DebugCommercial3|x64.ActiveCfg = Debug|Any CPU
		{13671CDA-E077-484E-A0E9-0BA420F21B37}.DebugCommercial3|x64.Build.0 = Debug|Any CPU
		{13671CDA-E077-484E-A0E9-0BA420F21B37}.DebugCommercial3|x86.ActiveCfg = Debug|Any CPU
		{13671CDA-E077-484E-A0E9-0BA420F21B37}.DebugCommercial3|x86.Build.0 = Debug|Any CPU
		{13671CDA-E077-484E-A0E9-0BA420F21B37}.Release|Any CPU.ActiveCfg = Release|Any CPU
		{13671CDA-E077-484E-A0E9-0BA420F21B37}.Release|Any CPU.Build.0 = Release|Any CPU
		{13671CDA-E077-484E-A0E9-0BA420F21B37}.Release|ARM.ActiveCfg = Release|Any CPU
		{13671CDA-E077-484E-A0E9-0BA420F21B37}.Release|ARM.Build.0 = Release|Any CPU
		{13671CDA-E077-484E-A0E9-0BA420F21B37}.Release|x64.ActiveCfg = Release|Any CPU
		{13671CDA-E077-484E-A0E9-0BA420F21B37}.Release|x64.Build.0 = Release|Any CPU
		{13671CDA-E077-484E-A0E9-0BA420F21B37}.Release|x86.ActiveCfg = Release|Any CPU
		{13671CDA-E077-484E-A0E9-0BA420F21B37}.Release|x86.Build.0 = Release|Any CPU
		{8465A667-8F01-4DB9-B05F-E1645DBF1A65}.Debug|Any CPU.ActiveCfg = Debug|Any CPU
		{8465A667-8F01-4DB9-B05F-E1645DBF1A65}.Debug|Any CPU.Build.0 = Debug|Any CPU
		{8465A667-8F01-4DB9-B05F-E1645DBF1A65}.Debug|ARM.ActiveCfg = Debug|Any CPU
		{8465A667-8F01-4DB9-B05F-E1645DBF1A65}.Debug|ARM.Build.0 = Debug|Any CPU
		{8465A667-8F01-4DB9-B05F-E1645DBF1A65}.Debug|x64.ActiveCfg = Debug|Any CPU
		{8465A667-8F01-4DB9-B05F-E1645DBF1A65}.Debug|x64.Build.0 = Debug|Any CPU
		{8465A667-8F01-4DB9-B05F-E1645DBF1A65}.Debug|x86.ActiveCfg = Debug|Any CPU
		{8465A667-8F01-4DB9-B05F-E1645DBF1A65}.Debug|x86.Build.0 = Debug|Any CPU
		{8465A667-8F01-4DB9-B05F-E1645DBF1A65}.DebugCommercial|Any CPU.ActiveCfg = Debug|Any CPU
		{8465A667-8F01-4DB9-B05F-E1645DBF1A65}.DebugCommercial|Any CPU.Build.0 = Debug|Any CPU
		{8465A667-8F01-4DB9-B05F-E1645DBF1A65}.DebugCommercial|ARM.ActiveCfg = Debug|Any CPU
		{8465A667-8F01-4DB9-B05F-E1645DBF1A65}.DebugCommercial|ARM.Build.0 = Debug|Any CPU
		{8465A667-8F01-4DB9-B05F-E1645DBF1A65}.DebugCommercial|x64.ActiveCfg = Debug|Any CPU
		{8465A667-8F01-4DB9-B05F-E1645DBF1A65}.DebugCommercial|x64.Build.0 = Debug|Any CPU
		{8465A667-8F01-4DB9-B05F-E1645DBF1A65}.DebugCommercial|x86.ActiveCfg = Debug|Any CPU
		{8465A667-8F01-4DB9-B05F-E1645DBF1A65}.DebugCommercial|x86.Build.0 = Debug|Any CPU
		{8465A667-8F01-4DB9-B05F-E1645DBF1A65}.DebugCommercial1|Any CPU.ActiveCfg = Debug|Any CPU
		{8465A667-8F01-4DB9-B05F-E1645DBF1A65}.DebugCommercial1|Any CPU.Build.0 = Debug|Any CPU
		{8465A667-8F01-4DB9-B05F-E1645DBF1A65}.DebugCommercial1|ARM.ActiveCfg = Debug|Any CPU
		{8465A667-8F01-4DB9-B05F-E1645DBF1A65}.DebugCommercial1|ARM.Build.0 = Debug|Any CPU
		{8465A667-8F01-4DB9-B05F-E1645DBF1A65}.DebugCommercial1|x64.ActiveCfg = Debug|Any CPU
		{8465A667-8F01-4DB9-B05F-E1645DBF1A65}.DebugCommercial1|x64.Build.0 = Debug|Any CPU
		{8465A667-8F01-4DB9-B05F-E1645DBF1A65}.DebugCommercial1|x86.ActiveCfg = Debug|Any CPU
		{8465A667-8F01-4DB9-B05F-E1645DBF1A65}.DebugCommercial1|x86.Build.0 = Debug|Any CPU
		{8465A667-8F01-4DB9-B05F-E1645DBF1A65}.DebugCommercial2|Any CPU.ActiveCfg = Debug|Any CPU
		{8465A667-8F01-4DB9-B05F-E1645DBF1A65}.DebugCommercial2|Any CPU.Build.0 = Debug|Any CPU
		{8465A667-8F01-4DB9-B05F-E1645DBF1A65}.DebugCommercial2|ARM.ActiveCfg = Debug|Any CPU
		{8465A667-8F01-4DB9-B05F-E1645DBF1A65}.DebugCommercial2|ARM.Build.0 = Debug|Any CPU
		{8465A667-8F01-4DB9-B05F-E1645DBF1A65}.DebugCommercial2|x64.ActiveCfg = Debug|Any CPU
		{8465A667-8F01-4DB9-B05F-E1645DBF1A65}.DebugCommercial2|x64.Build.0 = Debug|Any CPU
		{8465A667-8F01-4DB9-B05F-E1645DBF1A65}.DebugCommercial2|x86.ActiveCfg = Debug|Any CPU
		{8465A667-8F01-4DB9-B05F-E1645DBF1A65}.DebugCommercial2|x86.Build.0 = Debug|Any CPU
		{8465A667-8F01-4DB9-B05F-E1645DBF1A65}.DebugCommercial3|Any CPU.ActiveCfg = Debug|Any CPU
		{8465A667-8F01-4DB9-B05F-E1645DBF1A65}.DebugCommercial3|Any CPU.Build.0 = Debug|Any CPU
		{8465A667-8F01-4DB9-B05F-E1645DBF1A65}.DebugCommercial3|ARM.ActiveCfg = Debug|Any CPU
		{8465A667-8F01-4DB9-B05F-E1645DBF1A65}.DebugCommercial3|ARM.Build.0 = Debug|Any CPU
		{8465A667-8F01-4DB9-B05F-E1645DBF1A65}.DebugCommercial3|x64.ActiveCfg = Debug|Any CPU
		{8465A667-8F01-4DB9-B05F-E1645DBF1A65}.DebugCommercial3|x64.Build.0 = Debug|Any CPU
		{8465A667-8F01-4DB9-B05F-E1645DBF1A65}.DebugCommercial3|x86.ActiveCfg = Debug|Any CPU
		{8465A667-8F01-4DB9-B05F-E1645DBF1A65}.DebugCommercial3|x86.Build.0 = Debug|Any CPU
		{8465A667-8F01-4DB9-B05F-E1645DBF1A65}.Release|Any CPU.ActiveCfg = Release|Any CPU
		{8465A667-8F01-4DB9-B05F-E1645DBF1A65}.Release|Any CPU.Build.0 = Release|Any CPU
		{8465A667-8F01-4DB9-B05F-E1645DBF1A65}.Release|ARM.ActiveCfg = Release|Any CPU
		{8465A667-8F01-4DB9-B05F-E1645DBF1A65}.Release|ARM.Build.0 = Release|Any CPU
		{8465A667-8F01-4DB9-B05F-E1645DBF1A65}.Release|x64.ActiveCfg = Release|Any CPU
		{8465A667-8F01-4DB9-B05F-E1645DBF1A65}.Release|x64.Build.0 = Release|Any CPU
		{8465A667-8F01-4DB9-B05F-E1645DBF1A65}.Release|x86.ActiveCfg = Release|Any CPU
		{8465A667-8F01-4DB9-B05F-E1645DBF1A65}.Release|x86.Build.0 = Release|Any CPU
		{D2D8E136-3343-4C8D-911F-4609E57EC457}.Debug|Any CPU.ActiveCfg = Debug|Any CPU
		{D2D8E136-3343-4C8D-911F-4609E57EC457}.Debug|Any CPU.Build.0 = Debug|Any CPU
		{D2D8E136-3343-4C8D-911F-4609E57EC457}.Debug|ARM.ActiveCfg = Debug|Any CPU
		{D2D8E136-3343-4C8D-911F-4609E57EC457}.Debug|ARM.Build.0 = Debug|Any CPU
		{D2D8E136-3343-4C8D-911F-4609E57EC457}.Debug|x64.ActiveCfg = Debug|Any CPU
		{D2D8E136-3343-4C8D-911F-4609E57EC457}.Debug|x64.Build.0 = Debug|Any CPU
		{D2D8E136-3343-4C8D-911F-4609E57EC457}.Debug|x86.ActiveCfg = Debug|Any CPU
		{D2D8E136-3343-4C8D-911F-4609E57EC457}.Debug|x86.Build.0 = Debug|Any CPU
		{D2D8E136-3343-4C8D-911F-4609E57EC457}.DebugCommercial|Any CPU.ActiveCfg = Debug|Any CPU
		{D2D8E136-3343-4C8D-911F-4609E57EC457}.DebugCommercial|Any CPU.Build.0 = Debug|Any CPU
		{D2D8E136-3343-4C8D-911F-4609E57EC457}.DebugCommercial|ARM.ActiveCfg = Debug|Any CPU
		{D2D8E136-3343-4C8D-911F-4609E57EC457}.DebugCommercial|ARM.Build.0 = Debug|Any CPU
		{D2D8E136-3343-4C8D-911F-4609E57EC457}.DebugCommercial|x64.ActiveCfg = Debug|Any CPU
		{D2D8E136-3343-4C8D-911F-4609E57EC457}.DebugCommercial|x64.Build.0 = Debug|Any CPU
		{D2D8E136-3343-4C8D-911F-4609E57EC457}.DebugCommercial|x86.ActiveCfg = Debug|Any CPU
		{D2D8E136-3343-4C8D-911F-4609E57EC457}.DebugCommercial|x86.Build.0 = Debug|Any CPU
		{D2D8E136-3343-4C8D-911F-4609E57EC457}.DebugCommercial1|Any CPU.ActiveCfg = Debug|Any CPU
		{D2D8E136-3343-4C8D-911F-4609E57EC457}.DebugCommercial1|Any CPU.Build.0 = Debug|Any CPU
		{D2D8E136-3343-4C8D-911F-4609E57EC457}.DebugCommercial1|ARM.ActiveCfg = Debug|Any CPU
		{D2D8E136-3343-4C8D-911F-4609E57EC457}.DebugCommercial1|ARM.Build.0 = Debug|Any CPU
		{D2D8E136-3343-4C8D-911F-4609E57EC457}.DebugCommercial1|x64.ActiveCfg = Debug|Any CPU
		{D2D8E136-3343-4C8D-911F-4609E57EC457}.DebugCommercial1|x64.Build.0 = Debug|Any CPU
		{D2D8E136-3343-4C8D-911F-4609E57EC457}.DebugCommercial1|x86.ActiveCfg = Debug|Any CPU
		{D2D8E136-3343-4C8D-911F-4609E57EC457}.DebugCommercial1|x86.Build.0 = Debug|Any CPU
		{D2D8E136-3343-4C8D-911F-4609E57EC457}.DebugCommercial2|Any CPU.ActiveCfg = Debug|Any CPU
		{D2D8E136-3343-4C8D-911F-4609E57EC457}.DebugCommercial2|Any CPU.Build.0 = Debug|Any CPU
		{D2D8E136-3343-4C8D-911F-4609E57EC457}.DebugCommercial2|ARM.ActiveCfg = Debug|Any CPU
		{D2D8E136-3343-4C8D-911F-4609E57EC457}.DebugCommercial2|ARM.Build.0 = Debug|Any CPU
		{D2D8E136-3343-4C8D-911F-4609E57EC457}.DebugCommercial2|x64.ActiveCfg = Debug|Any CPU
		{D2D8E136-3343-4C8D-911F-4609E57EC457}.DebugCommercial2|x64.Build.0 = Debug|Any CPU
		{D2D8E136-3343-4C8D-911F-4609E57EC457}.DebugCommercial2|x86.ActiveCfg = Debug|Any CPU
		{D2D8E136-3343-4C8D-911F-4609E57EC457}.DebugCommercial2|x86.Build.0 = Debug|Any CPU
		{D2D8E136-3343-4C8D-911F-4609E57EC457}.DebugCommercial3|Any CPU.ActiveCfg = Debug|Any CPU
		{D2D8E136-3343-4C8D-911F-4609E57EC457}.DebugCommercial3|Any CPU.Build.0 = Debug|Any CPU
		{D2D8E136-3343-4C8D-911F-4609E57EC457}.DebugCommercial3|ARM.ActiveCfg = Debug|Any CPU
		{D2D8E136-3343-4C8D-911F-4609E57EC457}.DebugCommercial3|ARM.Build.0 = Debug|Any CPU
		{D2D8E136-3343-4C8D-911F-4609E57EC457}.DebugCommercial3|x64.ActiveCfg = Debug|Any CPU
		{D2D8E136-3343-4C8D-911F-4609E57EC457}.DebugCommercial3|x64.Build.0 = Debug|Any CPU
		{D2D8E136-3343-4C8D-911F-4609E57EC457}.DebugCommercial3|x86.ActiveCfg = Debug|Any CPU
		{D2D8E136-3343-4C8D-911F-4609E57EC457}.DebugCommercial3|x86.Build.0 = Debug|Any CPU
		{D2D8E136-3343-4C8D-911F-4609E57EC457}.Release|Any CPU.ActiveCfg = Release|Any CPU
		{D2D8E136-3343-4C8D-911F-4609E57EC457}.Release|Any CPU.Build.0 = Release|Any CPU
		{D2D8E136-3343-4C8D-911F-4609E57EC457}.Release|ARM.ActiveCfg = Release|Any CPU
		{D2D8E136-3343-4C8D-911F-4609E57EC457}.Release|ARM.Build.0 = Release|Any CPU
		{D2D8E136-3343-4C8D-911F-4609E57EC457}.Release|x64.ActiveCfg = Release|Any CPU
		{D2D8E136-3343-4C8D-911F-4609E57EC457}.Release|x64.Build.0 = Release|Any CPU
		{D2D8E136-3343-4C8D-911F-4609E57EC457}.Release|x86.ActiveCfg = Release|Any CPU
		{D2D8E136-3343-4C8D-911F-4609E57EC457}.Release|x86.Build.0 = Release|Any CPU
		{9A9E1460-ED01-4831-A5ED-120374BD3F98}.Debug|Any CPU.ActiveCfg = Debug|Any CPU
		{9A9E1460-ED01-4831-A5ED-120374BD3F98}.Debug|Any CPU.Build.0 = Debug|Any CPU
		{9A9E1460-ED01-4831-A5ED-120374BD3F98}.Debug|ARM.ActiveCfg = Debug|Any CPU
		{9A9E1460-ED01-4831-A5ED-120374BD3F98}.Debug|ARM.Build.0 = Debug|Any CPU
		{9A9E1460-ED01-4831-A5ED-120374BD3F98}.Debug|x64.ActiveCfg = Debug|Any CPU
		{9A9E1460-ED01-4831-A5ED-120374BD3F98}.Debug|x64.Build.0 = Debug|Any CPU
		{9A9E1460-ED01-4831-A5ED-120374BD3F98}.Debug|x86.ActiveCfg = Debug|Any CPU
		{9A9E1460-ED01-4831-A5ED-120374BD3F98}.Debug|x86.Build.0 = Debug|Any CPU
		{9A9E1460-ED01-4831-A5ED-120374BD3F98}.DebugCommercial|Any CPU.ActiveCfg = Debug|Any CPU
		{9A9E1460-ED01-4831-A5ED-120374BD3F98}.DebugCommercial|Any CPU.Build.0 = Debug|Any CPU
		{9A9E1460-ED01-4831-A5ED-120374BD3F98}.DebugCommercial|ARM.ActiveCfg = Debug|Any CPU
		{9A9E1460-ED01-4831-A5ED-120374BD3F98}.DebugCommercial|ARM.Build.0 = Debug|Any CPU
		{9A9E1460-ED01-4831-A5ED-120374BD3F98}.DebugCommercial|x64.ActiveCfg = Debug|Any CPU
		{9A9E1460-ED01-4831-A5ED-120374BD3F98}.DebugCommercial|x64.Build.0 = Debug|Any CPU
		{9A9E1460-ED01-4831-A5ED-120374BD3F98}.DebugCommercial|x86.ActiveCfg = Debug|Any CPU
		{9A9E1460-ED01-4831-A5ED-120374BD3F98}.DebugCommercial|x86.Build.0 = Debug|Any CPU
		{9A9E1460-ED01-4831-A5ED-120374BD3F98}.DebugCommercial1|Any CPU.ActiveCfg = Debug|Any CPU
		{9A9E1460-ED01-4831-A5ED-120374BD3F98}.DebugCommercial1|Any CPU.Build.0 = Debug|Any CPU
		{9A9E1460-ED01-4831-A5ED-120374BD3F98}.DebugCommercial1|ARM.ActiveCfg = Debug|Any CPU
		{9A9E1460-ED01-4831-A5ED-120374BD3F98}.DebugCommercial1|ARM.Build.0 = Debug|Any CPU
		{9A9E1460-ED01-4831-A5ED-120374BD3F98}.DebugCommercial1|x64.ActiveCfg = Debug|Any CPU
		{9A9E1460-ED01-4831-A5ED-120374BD3F98}.DebugCommercial1|x64.Build.0 = Debug|Any CPU
		{9A9E1460-ED01-4831-A5ED-120374BD3F98}.DebugCommercial1|x86.ActiveCfg = Debug|Any CPU
		{9A9E1460-ED01-4831-A5ED-120374BD3F98}.DebugCommercial1|x86.Build.0 = Debug|Any CPU
		{9A9E1460-ED01-4831-A5ED-120374BD3F98}.DebugCommercial2|Any CPU.ActiveCfg = Debug|Any CPU
		{9A9E1460-ED01-4831-A5ED-120374BD3F98}.DebugCommercial2|Any CPU.Build.0 = Debug|Any CPU
		{9A9E1460-ED01-4831-A5ED-120374BD3F98}.DebugCommercial2|ARM.ActiveCfg = Debug|Any CPU
		{9A9E1460-ED01-4831-A5ED-120374BD3F98}.DebugCommercial2|ARM.Build.0 = Debug|Any CPU
		{9A9E1460-ED01-4831-A5ED-120374BD3F98}.DebugCommercial2|x64.ActiveCfg = Debug|Any CPU
		{9A9E1460-ED01-4831-A5ED-120374BD3F98}.DebugCommercial2|x64.Build.0 = Debug|Any CPU
		{9A9E1460-ED01-4831-A5ED-120374BD3F98}.DebugCommercial2|x86.ActiveCfg = Debug|Any CPU
		{9A9E1460-ED01-4831-A5ED-120374BD3F98}.DebugCommercial2|x86.Build.0 = Debug|Any CPU
		{9A9E1460-ED01-4831-A5ED-120374BD3F98}.DebugCommercial3|Any CPU.ActiveCfg = Debug|Any CPU
		{9A9E1460-ED01-4831-A5ED-120374BD3F98}.DebugCommercial3|Any CPU.Build.0 = Debug|Any CPU
		{9A9E1460-ED01-4831-A5ED-120374BD3F98}.DebugCommercial3|ARM.ActiveCfg = Debug|Any CPU
		{9A9E1460-ED01-4831-A5ED-120374BD3F98}.DebugCommercial3|ARM.Build.0 = Debug|Any CPU
		{9A9E1460-ED01-4831-A5ED-120374BD3F98}.DebugCommercial3|x64.ActiveCfg = Debug|Any CPU
		{9A9E1460-ED01-4831-A5ED-120374BD3F98}.DebugCommercial3|x64.Build.0 = Debug|Any CPU
		{9A9E1460-ED01-4831-A5ED-120374BD3F98}.DebugCommercial3|x86.ActiveCfg = Debug|Any CPU
		{9A9E1460-ED01-4831-A5ED-120374BD3F98}.DebugCommercial3|x86.Build.0 = Debug|Any CPU
		{9A9E1460-ED01-4831-A5ED-120374BD3F98}.Release|Any CPU.ActiveCfg = Release|Any CPU
		{9A9E1460-ED01-4831-A5ED-120374BD3F98}.Release|Any CPU.Build.0 = Release|Any CPU
		{9A9E1460-ED01-4831-A5ED-120374BD3F98}.Release|ARM.ActiveCfg = Release|Any CPU
		{9A9E1460-ED01-4831-A5ED-120374BD3F98}.Release|ARM.Build.0 = Release|Any CPU
		{9A9E1460-ED01-4831-A5ED-120374BD3F98}.Release|x64.ActiveCfg = Release|Any CPU
		{9A9E1460-ED01-4831-A5ED-120374BD3F98}.Release|x64.Build.0 = Release|Any CPU
		{9A9E1460-ED01-4831-A5ED-120374BD3F98}.Release|x86.ActiveCfg = Release|Any CPU
		{9A9E1460-ED01-4831-A5ED-120374BD3F98}.Release|x86.Build.0 = Release|Any CPU
	EndGlobalSection
	GlobalSection(SolutionProperties) = preSolution
		HideSolutionNode = FALSE
	EndGlobalSection
	GlobalSection(ExtensibilityGlobals) = postSolution
		SolutionGuid = {7628B1C9-8DDB-4DBD-A71D-D369A4A166DE}
		VisualSVNWorkingCopyRoot = .
	EndGlobalSection
EndGlobal
